// !$*UTF8*$!
{
	archiveVersion = 1;
	classes = {
	};
	objectVersion = 56;
	objects = {

/* Begin PBXBuildFile section */
		0470922DFA50273298BEFF8B /* Pods_GameBox_GameBoxUITests.framework in Frameworks */ = {isa = PBXBuildFile; fileRef = C5D504B7E5F6AA42381EF36B /* Pods_GameBox_GameBoxUITests.framework */; };
		318EEC39CDD7EFA46838315A /* Pods_GameBoxTests.framework in Frameworks */ = {isa = PBXBuildFile; fileRef = B228FDD370A0365C84216A6E /* Pods_GameBoxTests.framework */; };
		691AB0E9AB2AC4EC266432E2 /* Pods_GameBox.framework in Frameworks */ = {isa = PBXBuildFile; fileRef = 5B57BB83ECA0C57B1E577A38 /* Pods_GameBox.framework */; };
		C30942972941B33800AF712F /* GameModel.swift in Sources */ = {isa = PBXBuildFile; fileRef = C30942962941B33800AF712F /* GameModel.swift */; };
		C309429B2941BD4900AF712F /* RawGClient.swift in Sources */ = {isa = PBXBuildFile; fileRef = C309429A2941BD4900AF712F /* RawGClient.swift */; };
		C309429D2941BF6900AF712F /* Constants.swift in Sources */ = {isa = PBXBuildFile; fileRef = C309429C2941BF6900AF712F /* Constants.swift */; };
		C338719B2947200600BDB9E1 /* GameBoxCoreDataManager.swift in Sources */ = {isa = PBXBuildFile; fileRef = C338719A2947200600BDB9E1 /* GameBoxCoreDataManager.swift */; };
		C33871A2294740C900BDB9E1 /* FavoriteListViewModel.swift in Sources */ = {isa = PBXBuildFile; fileRef = C33871A1294740C900BDB9E1 /* FavoriteListViewModel.swift */; };
		C33871A529474C1C00BDB9E1 /* FavoriteGameModel.swift in Sources */ = {isa = PBXBuildFile; fileRef = C33871A429474C1C00BDB9E1 /* FavoriteGameModel.swift */; };
		C34076A32948990700D37051 /* ViewUtility.swift in Sources */ = {isa = PBXBuildFile; fileRef = C34076A22948990700D37051 /* ViewUtility.swift */; };
		C34076A629489BCD00D37051 /* GameDetailSceneUtility.swift in Sources */ = {isa = PBXBuildFile; fileRef = C34076A529489BCD00D37051 /* GameDetailSceneUtility.swift */; };
		C373D45829423C7B007D3833 /* GameListViewModel.swift in Sources */ = {isa = PBXBuildFile; fileRef = C373D45729423C7B007D3833 /* GameListViewModel.swift */; };
		C37548682941A4F100C52AFF /* AppDelegate.swift in Sources */ = {isa = PBXBuildFile; fileRef = C37548672941A4F100C52AFF /* AppDelegate.swift */; };
		C375486A2941A4F100C52AFF /* SceneDelegate.swift in Sources */ = {isa = PBXBuildFile; fileRef = C37548692941A4F100C52AFF /* SceneDelegate.swift */; };
		C375486F2941A4F100C52AFF /* Main.storyboard in Resources */ = {isa = PBXBuildFile; fileRef = C375486D2941A4F100C52AFF /* Main.storyboard */; };
		C37548722941A4F100C52AFF /* GameBox.xcdatamodeld in Sources */ = {isa = PBXBuildFile; fileRef = C37548702941A4F100C52AFF /* GameBox.xcdatamodeld */; };
		C37548742941A4F300C52AFF /* Assets.xcassets in Resources */ = {isa = PBXBuildFile; fileRef = C37548732941A4F300C52AFF /* Assets.xcassets */; };
		C37548772941A4F300C52AFF /* LaunchScreen.storyboard in Resources */ = {isa = PBXBuildFile; fileRef = C37548752941A4F300C52AFF /* LaunchScreen.storyboard */; };
		C37548822941A4F300C52AFF /* GameBoxTests.swift in Sources */ = {isa = PBXBuildFile; fileRef = C37548812941A4F300C52AFF /* GameBoxTests.swift */; };
		C375488C2941A4F300C52AFF /* GameBoxUITests.swift in Sources */ = {isa = PBXBuildFile; fileRef = C375488B2941A4F300C52AFF /* GameBoxUITests.swift */; };
		C375488E2941A4F300C52AFF /* GameBoxUITestsLaunchTests.swift in Sources */ = {isa = PBXBuildFile; fileRef = C375488D2941A4F300C52AFF /* GameBoxUITestsLaunchTests.swift */; };
		C395A0EF2943492A001680EF /* GameListViewController.swift in Sources */ = {isa = PBXBuildFile; fileRef = C395A0EE2943492A001680EF /* GameListViewController.swift */; };
		C395A0F12943494F001680EF /* BaseViewController.swift in Sources */ = {isa = PBXBuildFile; fileRef = C395A0F02943494F001680EF /* BaseViewController.swift */; };
		C395A0F62943529F001680EF /* GenreCollectionViewCell.swift in Sources */ = {isa = PBXBuildFile; fileRef = C395A0F42943529F001680EF /* GenreCollectionViewCell.swift */; };
		C395A0F72943529F001680EF /* GenreCollectionViewCell.xib in Resources */ = {isa = PBXBuildFile; fileRef = C395A0F52943529F001680EF /* GenreCollectionViewCell.xib */; };
		C395A0F929435F6B001680EF /* GenreCollectionCardView.swift in Sources */ = {isa = PBXBuildFile; fileRef = C395A0F829435F6B001680EF /* GenreCollectionCardView.swift */; };
		C399FF282941E8D100BF4957 /* BaseResponseModel.swift in Sources */ = {isa = PBXBuildFile; fileRef = C399FF272941E8D100BF4957 /* BaseResponseModel.swift */; };
		C39BFF4F2946408800B0BA62 /* GameDetailViewController.swift in Sources */ = {isa = PBXBuildFile; fileRef = C39BFF4E2946408800B0BA62 /* GameDetailViewController.swift */; };
		C3B393812944DFFB00700860 /* GameTableViewCell.swift in Sources */ = {isa = PBXBuildFile; fileRef = C3B3937F2944DFFA00700860 /* GameTableViewCell.swift */; };
		C3B393822944DFFB00700860 /* GameTableViewCell.xib in Resources */ = {isa = PBXBuildFile; fileRef = C3B393802944DFFA00700860 /* GameTableViewCell.xib */; };
		C3B393852944F09000700860 /* UIView+Extension.swift in Sources */ = {isa = PBXBuildFile; fileRef = C3B393842944F09000700860 /* UIView+Extension.swift */; };
		C3D3EA292948731400B0530B /* FavoriteListViewController.swift in Sources */ = {isa = PBXBuildFile; fileRef = C3D3EA282948731400B0530B /* FavoriteListViewController.swift */; };
		C3D3EA2C2948766100B0530B /* NSNotificationNames.swift in Sources */ = {isa = PBXBuildFile; fileRef = C3D3EA2B2948766100B0530B /* NSNotificationNames.swift */; };
/* End PBXBuildFile section */

/* Begin PBXContainerItemProxy section */
		C375487E2941A4F300C52AFF /* PBXContainerItemProxy */ = {
			isa = PBXContainerItemProxy;
			containerPortal = C375485C2941A4F100C52AFF /* Project object */;
			proxyType = 1;
			remoteGlobalIDString = C37548632941A4F100C52AFF;
			remoteInfo = GameBox;
		};
		C37548882941A4F300C52AFF /* PBXContainerItemProxy */ = {
			isa = PBXContainerItemProxy;
			containerPortal = C375485C2941A4F100C52AFF /* Project object */;
			proxyType = 1;
			remoteGlobalIDString = C37548632941A4F100C52AFF;
			remoteInfo = GameBox;
		};
/* End PBXContainerItemProxy section */

/* Begin PBXFileReference section */
		0679A53A631A88097D1EA4F7 /* Pods-GameBox-GameBoxUITests.debug.xcconfig */ = {isa = PBXFileReference; includeInIndex = 1; lastKnownFileType = text.xcconfig; name = "Pods-GameBox-GameBoxUITests.debug.xcconfig"; path = "Target Support Files/Pods-GameBox-GameBoxUITests/Pods-GameBox-GameBoxUITests.debug.xcconfig"; sourceTree = "<group>"; };
		5B57BB83ECA0C57B1E577A38 /* Pods_GameBox.framework */ = {isa = PBXFileReference; explicitFileType = wrapper.framework; includeInIndex = 0; path = Pods_GameBox.framework; sourceTree = BUILT_PRODUCTS_DIR; };
		5D04DB542BFBA03498644A6F /* Pods-GameBox.debug.xcconfig */ = {isa = PBXFileReference; includeInIndex = 1; lastKnownFileType = text.xcconfig; name = "Pods-GameBox.debug.xcconfig"; path = "Target Support Files/Pods-GameBox/Pods-GameBox.debug.xcconfig"; sourceTree = "<group>"; };
		9BBF262FAC192E6DEE4E3C29 /* Pods-GameBoxTests.release.xcconfig */ = {isa = PBXFileReference; includeInIndex = 1; lastKnownFileType = text.xcconfig; name = "Pods-GameBoxTests.release.xcconfig"; path = "Target Support Files/Pods-GameBoxTests/Pods-GameBoxTests.release.xcconfig"; sourceTree = "<group>"; };
		9D3FCE3634B65D1AE994C2F6 /* Pods-GameBoxTests.debug.xcconfig */ = {isa = PBXFileReference; includeInIndex = 1; lastKnownFileType = text.xcconfig; name = "Pods-GameBoxTests.debug.xcconfig"; path = "Target Support Files/Pods-GameBoxTests/Pods-GameBoxTests.debug.xcconfig"; sourceTree = "<group>"; };
		A722D5E4D9FCD93BFE2D1F77 /* Pods-GameBox-GameBoxUITests.release.xcconfig */ = {isa = PBXFileReference; includeInIndex = 1; lastKnownFileType = text.xcconfig; name = "Pods-GameBox-GameBoxUITests.release.xcconfig"; path = "Target Support Files/Pods-GameBox-GameBoxUITests/Pods-GameBox-GameBoxUITests.release.xcconfig"; sourceTree = "<group>"; };
		B228FDD370A0365C84216A6E /* Pods_GameBoxTests.framework */ = {isa = PBXFileReference; explicitFileType = wrapper.framework; includeInIndex = 0; path = Pods_GameBoxTests.framework; sourceTree = BUILT_PRODUCTS_DIR; };
		C30942962941B33800AF712F /* GameModel.swift */ = {isa = PBXFileReference; lastKnownFileType = sourcecode.swift; path = GameModel.swift; sourceTree = "<group>"; };
		C309429A2941BD4900AF712F /* RawGClient.swift */ = {isa = PBXFileReference; lastKnownFileType = sourcecode.swift; path = RawGClient.swift; sourceTree = "<group>"; };
		C309429C2941BF6900AF712F /* Constants.swift */ = {isa = PBXFileReference; lastKnownFileType = sourcecode.swift; path = Constants.swift; sourceTree = "<group>"; };
		C338719A2947200600BDB9E1 /* GameBoxCoreDataManager.swift */ = {isa = PBXFileReference; lastKnownFileType = sourcecode.swift; path = GameBoxCoreDataManager.swift; sourceTree = "<group>"; };
		C33871A1294740C900BDB9E1 /* FavoriteListViewModel.swift */ = {isa = PBXFileReference; lastKnownFileType = sourcecode.swift; path = FavoriteListViewModel.swift; sourceTree = "<group>"; };
		C33871A429474C1C00BDB9E1 /* FavoriteGameModel.swift */ = {isa = PBXFileReference; lastKnownFileType = sourcecode.swift; path = FavoriteGameModel.swift; sourceTree = "<group>"; };
		C34076A22948990700D37051 /* ViewUtility.swift */ = {isa = PBXFileReference; lastKnownFileType = sourcecode.swift; path = ViewUtility.swift; sourceTree = "<group>"; };
		C34076A529489BCD00D37051 /* GameDetailSceneUtility.swift */ = {isa = PBXFileReference; lastKnownFileType = sourcecode.swift; path = GameDetailSceneUtility.swift; sourceTree = "<group>"; };
		C373D45729423C7B007D3833 /* GameListViewModel.swift */ = {isa = PBXFileReference; lastKnownFileType = sourcecode.swift; path = GameListViewModel.swift; sourceTree = "<group>"; };
		C37548642941A4F100C52AFF /* GameBox.app */ = {isa = PBXFileReference; explicitFileType = wrapper.application; includeInIndex = 0; path = GameBox.app; sourceTree = BUILT_PRODUCTS_DIR; };
		C37548672941A4F100C52AFF /* AppDelegate.swift */ = {isa = PBXFileReference; lastKnownFileType = sourcecode.swift; path = AppDelegate.swift; sourceTree = "<group>"; };
		C37548692941A4F100C52AFF /* SceneDelegate.swift */ = {isa = PBXFileReference; lastKnownFileType = sourcecode.swift; path = SceneDelegate.swift; sourceTree = "<group>"; };
		C375486E2941A4F100C52AFF /* Base */ = {isa = PBXFileReference; lastKnownFileType = file.storyboard; name = Base; path = Base.lproj/Main.storyboard; sourceTree = "<group>"; };
		C37548712941A4F100C52AFF /* GameBox.xcdatamodel */ = {isa = PBXFileReference; lastKnownFileType = wrapper.xcdatamodel; path = GameBox.xcdatamodel; sourceTree = "<group>"; };
		C37548732941A4F300C52AFF /* Assets.xcassets */ = {isa = PBXFileReference; lastKnownFileType = folder.assetcatalog; path = Assets.xcassets; sourceTree = "<group>"; };
		C37548762941A4F300C52AFF /* Base */ = {isa = PBXFileReference; lastKnownFileType = file.storyboard; name = Base; path = Base.lproj/LaunchScreen.storyboard; sourceTree = "<group>"; };
		C37548782941A4F300C52AFF /* Info.plist */ = {isa = PBXFileReference; lastKnownFileType = text.plist.xml; path = Info.plist; sourceTree = "<group>"; };
		C375487D2941A4F300C52AFF /* GameBoxTests.xctest */ = {isa = PBXFileReference; explicitFileType = wrapper.cfbundle; includeInIndex = 0; path = GameBoxTests.xctest; sourceTree = BUILT_PRODUCTS_DIR; };
		C37548812941A4F300C52AFF /* GameBoxTests.swift */ = {isa = PBXFileReference; lastKnownFileType = sourcecode.swift; path = GameBoxTests.swift; sourceTree = "<group>"; };
		C37548872941A4F300C52AFF /* GameBoxUITests.xctest */ = {isa = PBXFileReference; explicitFileType = wrapper.cfbundle; includeInIndex = 0; path = GameBoxUITests.xctest; sourceTree = BUILT_PRODUCTS_DIR; };
		C375488B2941A4F300C52AFF /* GameBoxUITests.swift */ = {isa = PBXFileReference; lastKnownFileType = sourcecode.swift; path = GameBoxUITests.swift; sourceTree = "<group>"; };
		C375488D2941A4F300C52AFF /* GameBoxUITestsLaunchTests.swift */ = {isa = PBXFileReference; lastKnownFileType = sourcecode.swift; path = GameBoxUITestsLaunchTests.swift; sourceTree = "<group>"; };
		C395A0EE2943492A001680EF /* GameListViewController.swift */ = {isa = PBXFileReference; lastKnownFileType = sourcecode.swift; path = GameListViewController.swift; sourceTree = "<group>"; };
		C395A0F02943494F001680EF /* BaseViewController.swift */ = {isa = PBXFileReference; lastKnownFileType = sourcecode.swift; path = BaseViewController.swift; sourceTree = "<group>"; };
		C395A0F42943529F001680EF /* GenreCollectionViewCell.swift */ = {isa = PBXFileReference; lastKnownFileType = sourcecode.swift; path = GenreCollectionViewCell.swift; sourceTree = "<group>"; };
		C395A0F52943529F001680EF /* GenreCollectionViewCell.xib */ = {isa = PBXFileReference; lastKnownFileType = file.xib; path = GenreCollectionViewCell.xib; sourceTree = "<group>"; };
		C395A0F829435F6B001680EF /* GenreCollectionCardView.swift */ = {isa = PBXFileReference; lastKnownFileType = sourcecode.swift; path = GenreCollectionCardView.swift; sourceTree = "<group>"; };
		C399FF272941E8D100BF4957 /* BaseResponseModel.swift */ = {isa = PBXFileReference; lastKnownFileType = sourcecode.swift; path = BaseResponseModel.swift; sourceTree = "<group>"; };
		C39BFF4E2946408800B0BA62 /* GameDetailViewController.swift */ = {isa = PBXFileReference; lastKnownFileType = sourcecode.swift; path = GameDetailViewController.swift; sourceTree = "<group>"; };
		C3B3937F2944DFFA00700860 /* GameTableViewCell.swift */ = {isa = PBXFileReference; lastKnownFileType = sourcecode.swift; path = GameTableViewCell.swift; sourceTree = "<group>"; };
		C3B393802944DFFA00700860 /* GameTableViewCell.xib */ = {isa = PBXFileReference; lastKnownFileType = file.xib; path = GameTableViewCell.xib; sourceTree = "<group>"; };
		C3B393842944F09000700860 /* UIView+Extension.swift */ = {isa = PBXFileReference; lastKnownFileType = sourcecode.swift; path = "UIView+Extension.swift"; sourceTree = "<group>"; };
		C3D3EA282948731400B0530B /* FavoriteListViewController.swift */ = {isa = PBXFileReference; lastKnownFileType = sourcecode.swift; path = FavoriteListViewController.swift; sourceTree = "<group>"; };
		C3D3EA2B2948766100B0530B /* NSNotificationNames.swift */ = {isa = PBXFileReference; lastKnownFileType = sourcecode.swift; path = NSNotificationNames.swift; sourceTree = "<group>"; };
		C5D504B7E5F6AA42381EF36B /* Pods_GameBox_GameBoxUITests.framework */ = {isa = PBXFileReference; explicitFileType = wrapper.framework; includeInIndex = 0; path = Pods_GameBox_GameBoxUITests.framework; sourceTree = BUILT_PRODUCTS_DIR; };
		DE8CCD80AF5528DBAA7D47AB /* Pods-GameBox.release.xcconfig */ = {isa = PBXFileReference; includeInIndex = 1; lastKnownFileType = text.xcconfig; name = "Pods-GameBox.release.xcconfig"; path = "Target Support Files/Pods-GameBox/Pods-GameBox.release.xcconfig"; sourceTree = "<group>"; };
/* End PBXFileReference section */

/* Begin PBXFrameworksBuildPhase section */
		C37548612941A4F100C52AFF /* Frameworks */ = {
			isa = PBXFrameworksBuildPhase;
			buildActionMask = 2147483647;
			files = (
				691AB0E9AB2AC4EC266432E2 /* Pods_GameBox.framework in Frameworks */,
			);
			runOnlyForDeploymentPostprocessing = 0;
		};
		C375487A2941A4F300C52AFF /* Frameworks */ = {
			isa = PBXFrameworksBuildPhase;
			buildActionMask = 2147483647;
			files = (
				318EEC39CDD7EFA46838315A /* Pods_GameBoxTests.framework in Frameworks */,
			);
			runOnlyForDeploymentPostprocessing = 0;
		};
		C37548842941A4F300C52AFF /* Frameworks */ = {
			isa = PBXFrameworksBuildPhase;
			buildActionMask = 2147483647;
			files = (
				0470922DFA50273298BEFF8B /* Pods_GameBox_GameBoxUITests.framework in Frameworks */,
			);
			runOnlyForDeploymentPostprocessing = 0;
		};
/* End PBXFrameworksBuildPhase section */

/* Begin PBXGroup section */
		3E9605F06AB40355ACB351E0 /* Pods */ = {
			isa = PBXGroup;
			children = (
				5D04DB542BFBA03498644A6F /* Pods-GameBox.debug.xcconfig */,
				DE8CCD80AF5528DBAA7D47AB /* Pods-GameBox.release.xcconfig */,
				0679A53A631A88097D1EA4F7 /* Pods-GameBox-GameBoxUITests.debug.xcconfig */,
				A722D5E4D9FCD93BFE2D1F77 /* Pods-GameBox-GameBoxUITests.release.xcconfig */,
				9D3FCE3634B65D1AE994C2F6 /* Pods-GameBoxTests.debug.xcconfig */,
				9BBF262FAC192E6DEE4E3C29 /* Pods-GameBoxTests.release.xcconfig */,
			);
			path = Pods;
			sourceTree = "<group>";
		};
		C30942932941B27D00AF712F /* Scenes */ = {
			isa = PBXGroup;
			children = (
				C30942942941B28A00AF712F /* GameList */,
				C39BFF4929463B5100B0BA62 /* GameDetail */,
				C338719C29473D9600BDB9E1 /* FavoriteList */,
			);
			path = Scenes;
			sourceTree = "<group>";
		};
		C30942942941B28A00AF712F /* GameList */ = {
			isa = PBXGroup;
			children = (
				C30942952941B2CC00AF712F /* Model */,
				C373D45629423C63007D3833 /* ViewModel */,
				C395A0ED29434904001680EF /* Controller */,
				C395A0F229435265001680EF /* View */,
			);
			path = GameList;
			sourceTree = "<group>";
		};
		C30942952941B2CC00AF712F /* Model */ = {
			isa = PBXGroup;
			children = (
				C30942962941B33800AF712F /* GameModel.swift */,
			);
			path = Model;
			sourceTree = "<group>";
		};
		C30942982941BC5A00AF712F /* Network */ = {
			isa = PBXGroup;
			children = (
				C30942992941BCAF00AF712F /* RawGService */,
			);
			path = Network;
			sourceTree = "<group>";
		};
		C30942992941BCAF00AF712F /* RawGService */ = {
			isa = PBXGroup;
			children = (
				C399FF262941E8AE00BF4957 /* ApiModels */,
				C309429A2941BD4900AF712F /* RawGClient.swift */,
			);
			path = RawGService;
			sourceTree = "<group>";
		};
		C338719929471FE600BDB9E1 /* CoreDataManagers */ = {
			isa = PBXGroup;
			children = (
				C338719A2947200600BDB9E1 /* GameBoxCoreDataManager.swift */,
				C37548702941A4F100C52AFF /* GameBox.xcdatamodeld */,
			);
			path = CoreDataManagers;
			sourceTree = "<group>";
		};
		C338719C29473D9600BDB9E1 /* FavoriteList */ = {
			isa = PBXGroup;
			children = (
				C33871A329474BF300BDB9E1 /* Model */,
				C33871A0294740AE00BDB9E1 /* ViewModel */,
				C3D3EA272948725400B0530B /* Controller */,
			);
			path = FavoriteList;
			sourceTree = "<group>";
		};
		C33871A0294740AE00BDB9E1 /* ViewModel */ = {
			isa = PBXGroup;
			children = (
				C33871A1294740C900BDB9E1 /* FavoriteListViewModel.swift */,
			);
			path = ViewModel;
			sourceTree = "<group>";
		};
		C33871A329474BF300BDB9E1 /* Model */ = {
			isa = PBXGroup;
			children = (
				C33871A429474C1C00BDB9E1 /* FavoriteGameModel.swift */,
			);
			path = Model;
			sourceTree = "<group>";
		};
		C34076A1294898E500D37051 /* Utilities */ = {
			isa = PBXGroup;
			children = (
				C34076A22948990700D37051 /* ViewUtility.swift */,
				C34076A429489BB000D37051 /* SceneUtilities */,
			);
			path = Utilities;
			sourceTree = "<group>";
		};
		C34076A429489BB000D37051 /* SceneUtilities */ = {
			isa = PBXGroup;
			children = (
				C34076A729489BEE00D37051 /* GameDetail */,
			);
			path = SceneUtilities;
			sourceTree = "<group>";
		};
		C34076A729489BEE00D37051 /* GameDetail */ = {
			isa = PBXGroup;
			children = (
				C34076A529489BCD00D37051 /* GameDetailSceneUtility.swift */,
			);
			path = GameDetail;
			sourceTree = "<group>";
		};
		C373D45629423C63007D3833 /* ViewModel */ = {
			isa = PBXGroup;
			children = (
				C373D45729423C7B007D3833 /* GameListViewModel.swift */,
			);
			path = ViewModel;
			sourceTree = "<group>";
		};
		C375485B2941A4F100C52AFF = {
			isa = PBXGroup;
			children = (
				C37548662941A4F100C52AFF /* GameBox */,
				C37548802941A4F300C52AFF /* GameBoxTests */,
				C375488A2941A4F300C52AFF /* GameBoxUITests */,
				C37548652941A4F100C52AFF /* Products */,
				3E9605F06AB40355ACB351E0 /* Pods */,
				C4B1C06A93DC31074FC3A2B2 /* Frameworks */,
			);
			sourceTree = "<group>";
		};
		C37548652941A4F100C52AFF /* Products */ = {
			isa = PBXGroup;
			children = (
				C37548642941A4F100C52AFF /* GameBox.app */,
				C375487D2941A4F300C52AFF /* GameBoxTests.xctest */,
				C37548872941A4F300C52AFF /* GameBoxUITests.xctest */,
			);
			name = Products;
			sourceTree = "<group>";
		};
		C37548662941A4F100C52AFF /* GameBox */ = {
			isa = PBXGroup;
			children = (
				C375489A2941A52600C52AFF /* App */,
				C375489B2941A55D00C52AFF /* Core */,
				C30942932941B27D00AF712F /* Scenes */,
				C37548782941A4F300C52AFF /* Info.plist */,
			);
			path = GameBox;
			sourceTree = "<group>";
		};
		C37548802941A4F300C52AFF /* GameBoxTests */ = {
			isa = PBXGroup;
			children = (
				C37548812941A4F300C52AFF /* GameBoxTests.swift */,
			);
			path = GameBoxTests;
			sourceTree = "<group>";
		};
		C375488A2941A4F300C52AFF /* GameBoxUITests */ = {
			isa = PBXGroup;
			children = (
				C375488B2941A4F300C52AFF /* GameBoxUITests.swift */,
				C375488D2941A4F300C52AFF /* GameBoxUITestsLaunchTests.swift */,
			);
			path = GameBoxUITests;
			sourceTree = "<group>";
		};
		C375489A2941A52600C52AFF /* App */ = {
			isa = PBXGroup;
			children = (
				C37548672941A4F100C52AFF /* AppDelegate.swift */,
				C37548692941A4F100C52AFF /* SceneDelegate.swift */,
				C375486D2941A4F100C52AFF /* Main.storyboard */,
				C37548752941A4F300C52AFF /* LaunchScreen.storyboard */,
				C37548732941A4F300C52AFF /* Assets.xcassets */,
				C309429C2941BF6900AF712F /* Constants.swift */,
			);
			path = App;
			sourceTree = "<group>";
		};
		C375489B2941A55D00C52AFF /* Core */ = {
			isa = PBXGroup;
			children = (
				C395A0F02943494F001680EF /* BaseViewController.swift */,
				C30942982941BC5A00AF712F /* Network */,
				C3B393832944F06900700860 /* Extensions */,
				C338719929471FE600BDB9E1 /* CoreDataManagers */,
				C3D3EA2A2948762100B0530B /* Enums */,
				C34076A1294898E500D37051 /* Utilities */,
			);
			path = Core;
			sourceTree = "<group>";
		};
		C395A0ED29434904001680EF /* Controller */ = {
			isa = PBXGroup;
			children = (
				C395A0EE2943492A001680EF /* GameListViewController.swift */,
			);
			path = Controller;
			sourceTree = "<group>";
		};
		C395A0F229435265001680EF /* View */ = {
			isa = PBXGroup;
			children = (
				C395A0F329435273001680EF /* CollectionViewCells */,
				C3B3937E2944DFCD00700860 /* TableViewCells */,
			);
			path = View;
			sourceTree = "<group>";
		};
		C395A0F329435273001680EF /* CollectionViewCells */ = {
			isa = PBXGroup;
			children = (
				C395A0F42943529F001680EF /* GenreCollectionViewCell.swift */,
				C395A0F52943529F001680EF /* GenreCollectionViewCell.xib */,
				C395A0F829435F6B001680EF /* GenreCollectionCardView.swift */,
			);
			path = CollectionViewCells;
			sourceTree = "<group>";
		};
		C399FF262941E8AE00BF4957 /* ApiModels */ = {
			isa = PBXGroup;
			children = (
				C399FF272941E8D100BF4957 /* BaseResponseModel.swift */,
			);
			path = ApiModels;
			sourceTree = "<group>";
		};
		C39BFF4929463B5100B0BA62 /* GameDetail */ = {
			isa = PBXGroup;
			children = (
				C39BFF4D2946405C00B0BA62 /* Controller */,
			);
			path = GameDetail;
			sourceTree = "<group>";
		};
		C39BFF4D2946405C00B0BA62 /* Controller */ = {
			isa = PBXGroup;
			children = (
				C39BFF4E2946408800B0BA62 /* GameDetailViewController.swift */,
			);
			path = Controller;
			sourceTree = "<group>";
		};
		C3B3937E2944DFCD00700860 /* TableViewCells */ = {
			isa = PBXGroup;
			children = (
				C3B3937F2944DFFA00700860 /* GameTableViewCell.swift */,
				C3B393802944DFFA00700860 /* GameTableViewCell.xib */,
			);
			path = TableViewCells;
			sourceTree = "<group>";
		};
		C3B393832944F06900700860 /* Extensions */ = {
			isa = PBXGroup;
			children = (
				C3B393842944F09000700860 /* UIView+Extension.swift */,
			);
			path = Extensions;
			sourceTree = "<group>";
		};
		C3D3EA272948725400B0530B /* Controller */ = {
			isa = PBXGroup;
			children = (
				C3D3EA282948731400B0530B /* FavoriteListViewController.swift */,
			);
			path = Controller;
			sourceTree = "<group>";
		};
		C3D3EA2A2948762100B0530B /* Enums */ = {
			isa = PBXGroup;
			children = (
				C3D3EA2B2948766100B0530B /* NSNotificationNames.swift */,
			);
			path = Enums;
			sourceTree = "<group>";
		};
		C4B1C06A93DC31074FC3A2B2 /* Frameworks */ = {
			isa = PBXGroup;
			children = (
				5B57BB83ECA0C57B1E577A38 /* Pods_GameBox.framework */,
				C5D504B7E5F6AA42381EF36B /* Pods_GameBox_GameBoxUITests.framework */,
				B228FDD370A0365C84216A6E /* Pods_GameBoxTests.framework */,
			);
			name = Frameworks;
			sourceTree = "<group>";
		};
/* End PBXGroup section */

/* Begin PBXNativeTarget section */
		C37548632941A4F100C52AFF /* GameBox */ = {
			isa = PBXNativeTarget;
			buildConfigurationList = C37548912941A4F300C52AFF /* Build configuration list for PBXNativeTarget "GameBox" */;
			buildPhases = (
				47F63C883F9702BC6BB0BCB6 /* [CP] Check Pods Manifest.lock */,
				C37548602941A4F100C52AFF /* Sources */,
				C37548612941A4F100C52AFF /* Frameworks */,
				C37548622941A4F100C52AFF /* Resources */,
				77F2636506D00066D0C2A2CD /* [CP] Embed Pods Frameworks */,
			);
			buildRules = (
			);
			dependencies = (
			);
			name = GameBox;
			productName = GameBox;
			productReference = C37548642941A4F100C52AFF /* GameBox.app */;
			productType = "com.apple.product-type.application";
		};
		C375487C2941A4F300C52AFF /* GameBoxTests */ = {
			isa = PBXNativeTarget;
			buildConfigurationList = C37548942941A4F300C52AFF /* Build configuration list for PBXNativeTarget "GameBoxTests" */;
			buildPhases = (
				58635B8116F779FF861DCDD2 /* [CP] Check Pods Manifest.lock */,
				C37548792941A4F300C52AFF /* Sources */,
				C375487A2941A4F300C52AFF /* Frameworks */,
				C375487B2941A4F300C52AFF /* Resources */,
			);
			buildRules = (
			);
			dependencies = (
				C375487F2941A4F300C52AFF /* PBXTargetDependency */,
			);
			name = GameBoxTests;
			productName = GameBoxTests;
			productReference = C375487D2941A4F300C52AFF /* GameBoxTests.xctest */;
			productType = "com.apple.product-type.bundle.unit-test";
		};
		C37548862941A4F300C52AFF /* GameBoxUITests */ = {
			isa = PBXNativeTarget;
			buildConfigurationList = C37548972941A4F300C52AFF /* Build configuration list for PBXNativeTarget "GameBoxUITests" */;
			buildPhases = (
				594764F2A03C3DFBD176EA98 /* [CP] Check Pods Manifest.lock */,
				C37548832941A4F300C52AFF /* Sources */,
				C37548842941A4F300C52AFF /* Frameworks */,
				C37548852941A4F300C52AFF /* Resources */,
				7B26DA6F6BDF2963CE762D72 /* [CP] Embed Pods Frameworks */,
			);
			buildRules = (
			);
			dependencies = (
				C37548892941A4F300C52AFF /* PBXTargetDependency */,
			);
			name = GameBoxUITests;
			productName = GameBoxUITests;
			productReference = C37548872941A4F300C52AFF /* GameBoxUITests.xctest */;
			productType = "com.apple.product-type.bundle.ui-testing";
		};
/* End PBXNativeTarget section */

/* Begin PBXProject section */
		C375485C2941A4F100C52AFF /* Project object */ = {
			isa = PBXProject;
			attributes = {
				BuildIndependentTargetsInParallel = 1;
				LastSwiftUpdateCheck = 1410;
				LastUpgradeCheck = 1410;
				TargetAttributes = {
					C37548632941A4F100C52AFF = {
						CreatedOnToolsVersion = 14.1;
					};
					C375487C2941A4F300C52AFF = {
						CreatedOnToolsVersion = 14.1;
						TestTargetID = C37548632941A4F100C52AFF;
					};
					C37548862941A4F300C52AFF = {
						CreatedOnToolsVersion = 14.1;
						TestTargetID = C37548632941A4F100C52AFF;
					};
				};
			};
			buildConfigurationList = C375485F2941A4F100C52AFF /* Build configuration list for PBXProject "GameBox" */;
			compatibilityVersion = "Xcode 14.0";
			developmentRegion = en;
			hasScannedForEncodings = 0;
			knownRegions = (
				en,
				Base,
			);
			mainGroup = C375485B2941A4F100C52AFF;
			productRefGroup = C37548652941A4F100C52AFF /* Products */;
			projectDirPath = "";
			projectRoot = "";
			targets = (
				C37548632941A4F100C52AFF /* GameBox */,
				C375487C2941A4F300C52AFF /* GameBoxTests */,
				C37548862941A4F300C52AFF /* GameBoxUITests */,
			);
		};
/* End PBXProject section */

/* Begin PBXResourcesBuildPhase section */
		C37548622941A4F100C52AFF /* Resources */ = {
			isa = PBXResourcesBuildPhase;
			buildActionMask = 2147483647;
			files = (
				C395A0F72943529F001680EF /* GenreCollectionViewCell.xib in Resources */,
				C3B393822944DFFB00700860 /* GameTableViewCell.xib in Resources */,
				C37548772941A4F300C52AFF /* LaunchScreen.storyboard in Resources */,
				C37548742941A4F300C52AFF /* Assets.xcassets in Resources */,
				C375486F2941A4F100C52AFF /* Main.storyboard in Resources */,
			);
			runOnlyForDeploymentPostprocessing = 0;
		};
		C375487B2941A4F300C52AFF /* Resources */ = {
			isa = PBXResourcesBuildPhase;
			buildActionMask = 2147483647;
			files = (
			);
			runOnlyForDeploymentPostprocessing = 0;
		};
		C37548852941A4F300C52AFF /* Resources */ = {
			isa = PBXResourcesBuildPhase;
			buildActionMask = 2147483647;
			files = (
			);
			runOnlyForDeploymentPostprocessing = 0;
		};
/* End PBXResourcesBuildPhase section */

/* Begin PBXShellScriptBuildPhase section */
		47F63C883F9702BC6BB0BCB6 /* [CP] Check Pods Manifest.lock */ = {
			isa = PBXShellScriptBuildPhase;
			buildActionMask = 2147483647;
			files = (
			);
			inputFileListPaths = (
			);
			inputPaths = (
				"${PODS_PODFILE_DIR_PATH}/Podfile.lock",
				"${PODS_ROOT}/Manifest.lock",
			);
			name = "[CP] Check Pods Manifest.lock";
			outputFileListPaths = (
			);
			outputPaths = (
				"$(DERIVED_FILE_DIR)/Pods-GameBox-checkManifestLockResult.txt",
			);
			runOnlyForDeploymentPostprocessing = 0;
			shellPath = /bin/sh;
			shellScript = "diff \"${PODS_PODFILE_DIR_PATH}/Podfile.lock\" \"${PODS_ROOT}/Manifest.lock\" > /dev/null\nif [ $? != 0 ] ; then\n    # print error to STDERR\n    echo \"error: The sandbox is not in sync with the Podfile.lock. Run 'pod install' or update your CocoaPods installation.\" >&2\n    exit 1\nfi\n# This output is used by Xcode 'outputs' to avoid re-running this script phase.\necho \"SUCCESS\" > \"${SCRIPT_OUTPUT_FILE_0}\"\n";
			showEnvVarsInLog = 0;
		};
		58635B8116F779FF861DCDD2 /* [CP] Check Pods Manifest.lock */ = {
			isa = PBXShellScriptBuildPhase;
			buildActionMask = 2147483647;
			files = (
			);
			inputFileListPaths = (
			);
			inputPaths = (
				"${PODS_PODFILE_DIR_PATH}/Podfile.lock",
				"${PODS_ROOT}/Manifest.lock",
			);
			name = "[CP] Check Pods Manifest.lock";
			outputFileListPaths = (
			);
			outputPaths = (
				"$(DERIVED_FILE_DIR)/Pods-GameBoxTests-checkManifestLockResult.txt",
			);
			runOnlyForDeploymentPostprocessing = 0;
			shellPath = /bin/sh;
			shellScript = "diff \"${PODS_PODFILE_DIR_PATH}/Podfile.lock\" \"${PODS_ROOT}/Manifest.lock\" > /dev/null\nif [ $? != 0 ] ; then\n    # print error to STDERR\n    echo \"error: The sandbox is not in sync with the Podfile.lock. Run 'pod install' or update your CocoaPods installation.\" >&2\n    exit 1\nfi\n# This output is used by Xcode 'outputs' to avoid re-running this script phase.\necho \"SUCCESS\" > \"${SCRIPT_OUTPUT_FILE_0}\"\n";
			showEnvVarsInLog = 0;
		};
		594764F2A03C3DFBD176EA98 /* [CP] Check Pods Manifest.lock */ = {
			isa = PBXShellScriptBuildPhase;
			buildActionMask = 2147483647;
			files = (
			);
			inputFileListPaths = (
			);
			inputPaths = (
				"${PODS_PODFILE_DIR_PATH}/Podfile.lock",
				"${PODS_ROOT}/Manifest.lock",
			);
			name = "[CP] Check Pods Manifest.lock";
			outputFileListPaths = (
			);
			outputPaths = (
				"$(DERIVED_FILE_DIR)/Pods-GameBox-GameBoxUITests-checkManifestLockResult.txt",
			);
			runOnlyForDeploymentPostprocessing = 0;
			shellPath = /bin/sh;
			shellScript = "diff \"${PODS_PODFILE_DIR_PATH}/Podfile.lock\" \"${PODS_ROOT}/Manifest.lock\" > /dev/null\nif [ $? != 0 ] ; then\n    # print error to STDERR\n    echo \"error: The sandbox is not in sync with the Podfile.lock. Run 'pod install' or update your CocoaPods installation.\" >&2\n    exit 1\nfi\n# This output is used by Xcode 'outputs' to avoid re-running this script phase.\necho \"SUCCESS\" > \"${SCRIPT_OUTPUT_FILE_0}\"\n";
			showEnvVarsInLog = 0;
		};
		77F2636506D00066D0C2A2CD /* [CP] Embed Pods Frameworks */ = {
			isa = PBXShellScriptBuildPhase;
			buildActionMask = 2147483647;
			files = (
			);
			inputFileListPaths = (
				"${PODS_ROOT}/Target Support Files/Pods-GameBox/Pods-GameBox-frameworks-${CONFIGURATION}-input-files.xcfilelist",
			);
			name = "[CP] Embed Pods Frameworks";
			outputFileListPaths = (
				"${PODS_ROOT}/Target Support Files/Pods-GameBox/Pods-GameBox-frameworks-${CONFIGURATION}-output-files.xcfilelist",
			);
			runOnlyForDeploymentPostprocessing = 0;
			shellPath = /bin/sh;
			shellScript = "\"${PODS_ROOT}/Target Support Files/Pods-GameBox/Pods-GameBox-frameworks.sh\"\n";
			showEnvVarsInLog = 0;
		};
		7B26DA6F6BDF2963CE762D72 /* [CP] Embed Pods Frameworks */ = {
			isa = PBXShellScriptBuildPhase;
			buildActionMask = 2147483647;
			files = (
			);
			inputFileListPaths = (
				"${PODS_ROOT}/Target Support Files/Pods-GameBox-GameBoxUITests/Pods-GameBox-GameBoxUITests-frameworks-${CONFIGURATION}-input-files.xcfilelist",
			);
			name = "[CP] Embed Pods Frameworks";
			outputFileListPaths = (
				"${PODS_ROOT}/Target Support Files/Pods-GameBox-GameBoxUITests/Pods-GameBox-GameBoxUITests-frameworks-${CONFIGURATION}-output-files.xcfilelist",
			);
			runOnlyForDeploymentPostprocessing = 0;
			shellPath = /bin/sh;
			shellScript = "\"${PODS_ROOT}/Target Support Files/Pods-GameBox-GameBoxUITests/Pods-GameBox-GameBoxUITests-frameworks.sh\"\n";
			showEnvVarsInLog = 0;
		};
/* End PBXShellScriptBuildPhase section */

/* Begin PBXSourcesBuildPhase section */
		C37548602941A4F100C52AFF /* Sources */ = {
			isa = PBXSourcesBuildPhase;
			buildActionMask = 2147483647;
			files = (
				C3B393812944DFFB00700860 /* GameTableViewCell.swift in Sources */,
				C37548682941A4F100C52AFF /* AppDelegate.swift in Sources */,
				C375486A2941A4F100C52AFF /* SceneDelegate.swift in Sources */,
				C395A0F62943529F001680EF /* GenreCollectionViewCell.swift in Sources */,
				C33871A529474C1C00BDB9E1 /* FavoriteGameModel.swift in Sources */,
				C37548722941A4F100C52AFF /* GameBox.xcdatamodeld in Sources */,
				C39BFF4F2946408800B0BA62 /* GameDetailViewController.swift in Sources */,
				C33871A2294740C900BDB9E1 /* FavoriteListViewModel.swift in Sources */,
				C3D3EA292948731400B0530B /* FavoriteListViewController.swift in Sources */,
				C309429D2941BF6900AF712F /* Constants.swift in Sources */,
				C395A0EF2943492A001680EF /* GameListViewController.swift in Sources */,
				C395A0F12943494F001680EF /* BaseViewController.swift in Sources */,
				C3B393852944F09000700860 /* UIView+Extension.swift in Sources */,
				C34076A32948990700D37051 /* ViewUtility.swift in Sources */,
				C373D45829423C7B007D3833 /* GameListViewModel.swift in Sources */,
				C3D3EA2C2948766100B0530B /* NSNotificationNames.swift in Sources */,
				C34076A629489BCD00D37051 /* GameDetailSceneUtility.swift in Sources */,
				C399FF282941E8D100BF4957 /* BaseResponseModel.swift in Sources */,
				C30942972941B33800AF712F /* GameModel.swift in Sources */,
				C395A0F929435F6B001680EF /* GenreCollectionCardView.swift in Sources */,
				C338719B2947200600BDB9E1 /* GameBoxCoreDataManager.swift in Sources */,
				C309429B2941BD4900AF712F /* RawGClient.swift in Sources */,
			);
			runOnlyForDeploymentPostprocessing = 0;
		};
		C37548792941A4F300C52AFF /* Sources */ = {
			isa = PBXSourcesBuildPhase;
			buildActionMask = 2147483647;
			files = (
				C37548822941A4F300C52AFF /* GameBoxTests.swift in Sources */,
			);
			runOnlyForDeploymentPostprocessing = 0;
		};
		C37548832941A4F300C52AFF /* Sources */ = {
			isa = PBXSourcesBuildPhase;
			buildActionMask = 2147483647;
			files = (
				C375488E2941A4F300C52AFF /* GameBoxUITestsLaunchTests.swift in Sources */,
				C375488C2941A4F300C52AFF /* GameBoxUITests.swift in Sources */,
			);
			runOnlyForDeploymentPostprocessing = 0;
		};
/* End PBXSourcesBuildPhase section */

/* Begin PBXTargetDependency section */
		C375487F2941A4F300C52AFF /* PBXTargetDependency */ = {
			isa = PBXTargetDependency;
			target = C37548632941A4F100C52AFF /* GameBox */;
			targetProxy = C375487E2941A4F300C52AFF /* PBXContainerItemProxy */;
		};
		C37548892941A4F300C52AFF /* PBXTargetDependency */ = {
			isa = PBXTargetDependency;
			target = C37548632941A4F100C52AFF /* GameBox */;
			targetProxy = C37548882941A4F300C52AFF /* PBXContainerItemProxy */;
		};
/* End PBXTargetDependency section */

/* Begin PBXVariantGroup section */
		C375486D2941A4F100C52AFF /* Main.storyboard */ = {
			isa = PBXVariantGroup;
			children = (
				C375486E2941A4F100C52AFF /* Base */,
			);
			name = Main.storyboard;
			sourceTree = "<group>";
		};
		C37548752941A4F300C52AFF /* LaunchScreen.storyboard */ = {
			isa = PBXVariantGroup;
			children = (
				C37548762941A4F300C52AFF /* Base */,
			);
			name = LaunchScreen.storyboard;
			sourceTree = "<group>";
		};
/* End PBXVariantGroup section */

/* Begin XCBuildConfiguration section */
		C375488F2941A4F300C52AFF /* Debug */ = {
			isa = XCBuildConfiguration;
			buildSettings = {
				ALWAYS_SEARCH_USER_PATHS = NO;
				CLANG_ANALYZER_NONNULL = YES;
				CLANG_ANALYZER_NUMBER_OBJECT_CONVERSION = YES_AGGRESSIVE;
				CLANG_CXX_LANGUAGE_STANDARD = "gnu++20";
				CLANG_ENABLE_MODULES = YES;
				CLANG_ENABLE_OBJC_ARC = YES;
				CLANG_ENABLE_OBJC_WEAK = YES;
				CLANG_WARN_BLOCK_CAPTURE_AUTORELEASING = YES;
				CLANG_WARN_BOOL_CONVERSION = YES;
				CLANG_WARN_COMMA = YES;
				CLANG_WARN_CONSTANT_CONVERSION = YES;
				CLANG_WARN_DEPRECATED_OBJC_IMPLEMENTATIONS = YES;
				CLANG_WARN_DIRECT_OBJC_ISA_USAGE = YES_ERROR;
				CLANG_WARN_DOCUMENTATION_COMMENTS = YES;
				CLANG_WARN_EMPTY_BODY = YES;
				CLANG_WARN_ENUM_CONVERSION = YES;
				CLANG_WARN_INFINITE_RECURSION = YES;
				CLANG_WARN_INT_CONVERSION = YES;
				CLANG_WARN_NON_LITERAL_NULL_CONVERSION = YES;
				CLANG_WARN_OBJC_IMPLICIT_RETAIN_SELF = YES;
				CLANG_WARN_OBJC_LITERAL_CONVERSION = YES;
				CLANG_WARN_OBJC_ROOT_CLASS = YES_ERROR;
				CLANG_WARN_QUOTED_INCLUDE_IN_FRAMEWORK_HEADER = YES;
				CLANG_WARN_RANGE_LOOP_ANALYSIS = YES;
				CLANG_WARN_STRICT_PROTOTYPES = YES;
				CLANG_WARN_SUSPICIOUS_MOVE = YES;
				CLANG_WARN_UNGUARDED_AVAILABILITY = YES_AGGRESSIVE;
				CLANG_WARN_UNREACHABLE_CODE = YES;
				CLANG_WARN__DUPLICATE_METHOD_MATCH = YES;
				COPY_PHASE_STRIP = NO;
				DEBUG_INFORMATION_FORMAT = dwarf;
				ENABLE_STRICT_OBJC_MSGSEND = YES;
				ENABLE_TESTABILITY = YES;
				GCC_C_LANGUAGE_STANDARD = gnu11;
				GCC_DYNAMIC_NO_PIC = NO;
				GCC_NO_COMMON_BLOCKS = YES;
				GCC_OPTIMIZATION_LEVEL = 0;
				GCC_PREPROCESSOR_DEFINITIONS = (
					"DEBUG=1",
					"$(inherited)",
				);
				GCC_WARN_64_TO_32_BIT_CONVERSION = YES;
				GCC_WARN_ABOUT_RETURN_TYPE = YES_ERROR;
				GCC_WARN_UNDECLARED_SELECTOR = YES;
				GCC_WARN_UNINITIALIZED_AUTOS = YES_AGGRESSIVE;
				GCC_WARN_UNUSED_FUNCTION = YES;
				GCC_WARN_UNUSED_VARIABLE = YES;
				IPHONEOS_DEPLOYMENT_TARGET = 16.1;
				MTL_ENABLE_DEBUG_INFO = INCLUDE_SOURCE;
				MTL_FAST_MATH = YES;
				ONLY_ACTIVE_ARCH = YES;
				SDKROOT = iphoneos;
				SWIFT_ACTIVE_COMPILATION_CONDITIONS = DEBUG;
				SWIFT_OPTIMIZATION_LEVEL = "-Onone";
			};
			name = Debug;
		};
		C37548902941A4F300C52AFF /* Release */ = {
			isa = XCBuildConfiguration;
			buildSettings = {
				ALWAYS_SEARCH_USER_PATHS = NO;
				CLANG_ANALYZER_NONNULL = YES;
				CLANG_ANALYZER_NUMBER_OBJECT_CONVERSION = YES_AGGRESSIVE;
				CLANG_CXX_LANGUAGE_STANDARD = "gnu++20";
				CLANG_ENABLE_MODULES = YES;
				CLANG_ENABLE_OBJC_ARC = YES;
				CLANG_ENABLE_OBJC_WEAK = YES;
				CLANG_WARN_BLOCK_CAPTURE_AUTORELEASING = YES;
				CLANG_WARN_BOOL_CONVERSION = YES;
				CLANG_WARN_COMMA = YES;
				CLANG_WARN_CONSTANT_CONVERSION = YES;
				CLANG_WARN_DEPRECATED_OBJC_IMPLEMENTATIONS = YES;
				CLANG_WARN_DIRECT_OBJC_ISA_USAGE = YES_ERROR;
				CLANG_WARN_DOCUMENTATION_COMMENTS = YES;
				CLANG_WARN_EMPTY_BODY = YES;
				CLANG_WARN_ENUM_CONVERSION = YES;
				CLANG_WARN_INFINITE_RECURSION = YES;
				CLANG_WARN_INT_CONVERSION = YES;
				CLANG_WARN_NON_LITERAL_NULL_CONVERSION = YES;
				CLANG_WARN_OBJC_IMPLICIT_RETAIN_SELF = YES;
				CLANG_WARN_OBJC_LITERAL_CONVERSION = YES;
				CLANG_WARN_OBJC_ROOT_CLASS = YES_ERROR;
				CLANG_WARN_QUOTED_INCLUDE_IN_FRAMEWORK_HEADER = YES;
				CLANG_WARN_RANGE_LOOP_ANALYSIS = YES;
				CLANG_WARN_STRICT_PROTOTYPES = YES;
				CLANG_WARN_SUSPICIOUS_MOVE = YES;
				CLANG_WARN_UNGUARDED_AVAILABILITY = YES_AGGRESSIVE;
				CLANG_WARN_UNREACHABLE_CODE = YES;
				CLANG_WARN__DUPLICATE_METHOD_MATCH = YES;
				COPY_PHASE_STRIP = NO;
				DEBUG_INFORMATION_FORMAT = "dwarf-with-dsym";
				ENABLE_NS_ASSERTIONS = NO;
				ENABLE_STRICT_OBJC_MSGSEND = YES;
				GCC_C_LANGUAGE_STANDARD = gnu11;
				GCC_NO_COMMON_BLOCKS = YES;
				GCC_WARN_64_TO_32_BIT_CONVERSION = YES;
				GCC_WARN_ABOUT_RETURN_TYPE = YES_ERROR;
				GCC_WARN_UNDECLARED_SELECTOR = YES;
				GCC_WARN_UNINITIALIZED_AUTOS = YES_AGGRESSIVE;
				GCC_WARN_UNUSED_FUNCTION = YES;
				GCC_WARN_UNUSED_VARIABLE = YES;
				IPHONEOS_DEPLOYMENT_TARGET = 16.1;
				MTL_ENABLE_DEBUG_INFO = NO;
				MTL_FAST_MATH = YES;
				SDKROOT = iphoneos;
				SWIFT_COMPILATION_MODE = wholemodule;
				SWIFT_OPTIMIZATION_LEVEL = "-O";
				VALIDATE_PRODUCT = YES;
			};
			name = Release;
		};
		C37548922941A4F300C52AFF /* Debug */ = {
			isa = XCBuildConfiguration;
			baseConfigurationReference = 5D04DB542BFBA03498644A6F /* Pods-GameBox.debug.xcconfig */;
			buildSettings = {
				ASSETCATALOG_COMPILER_APPICON_NAME = AppIcon;
				ASSETCATALOG_COMPILER_GLOBAL_ACCENT_COLOR_NAME = AccentColor;
				CODE_SIGN_STYLE = Automatic;
				CURRENT_PROJECT_VERSION = 1;
				DEVELOPMENT_TEAM = DP7QQJ422M;
				GENERATE_INFOPLIST_FILE = YES;
				INFOPLIST_FILE = GameBox/Info.plist;
				INFOPLIST_KEY_UIApplicationSupportsIndirectInputEvents = YES;
				INFOPLIST_KEY_UILaunchStoryboardName = LaunchScreen;
				INFOPLIST_KEY_UIMainStoryboardFile = Main;
				INFOPLIST_KEY_UISupportedInterfaceOrientations_iPad = "UIInterfaceOrientationPortrait UIInterfaceOrientationPortraitUpsideDown UIInterfaceOrientationLandscapeLeft UIInterfaceOrientationLandscapeRight";
				INFOPLIST_KEY_UISupportedInterfaceOrientations_iPhone = "UIInterfaceOrientationPortrait UIInterfaceOrientationLandscapeLeft UIInterfaceOrientationLandscapeRight";
				LD_RUNPATH_SEARCH_PATHS = (
					"$(inherited)",
					"@executable_path/Frameworks",
				);
				MARKETING_VERSION = 1.0;
				PRODUCT_BUNDLE_IDENTIFIER = com.alihankuzucuk.GameBox;
				PRODUCT_NAME = "$(TARGET_NAME)";
				SWIFT_EMIT_LOC_STRINGS = YES;
				SWIFT_VERSION = 5.0;
				TARGETED_DEVICE_FAMILY = "1,2";
			};
			name = Debug;
		};
		C37548932941A4F300C52AFF /* Release */ = {
			isa = XCBuildConfiguration;
			baseConfigurationReference = DE8CCD80AF5528DBAA7D47AB /* Pods-GameBox.release.xcconfig */;
			buildSettings = {
				ASSETCATALOG_COMPILER_APPICON_NAME = AppIcon;
				ASSETCATALOG_COMPILER_GLOBAL_ACCENT_COLOR_NAME = AccentColor;
				CODE_SIGN_STYLE = Automatic;
				CURRENT_PROJECT_VERSION = 1;
				DEVELOPMENT_TEAM = DP7QQJ422M;
				GENERATE_INFOPLIST_FILE = YES;
				INFOPLIST_FILE = GameBox/Info.plist;
				INFOPLIST_KEY_UIApplicationSupportsIndirectInputEvents = YES;
				INFOPLIST_KEY_UILaunchStoryboardName = LaunchScreen;
				INFOPLIST_KEY_UIMainStoryboardFile = Main;
				INFOPLIST_KEY_UISupportedInterfaceOrientations_iPad = "UIInterfaceOrientationPortrait UIInterfaceOrientationPortraitUpsideDown UIInterfaceOrientationLandscapeLeft UIInterfaceOrientationLandscapeRight";
				INFOPLIST_KEY_UISupportedInterfaceOrientations_iPhone = "UIInterfaceOrientationPortrait UIInterfaceOrientationLandscapeLeft UIInterfaceOrientationLandscapeRight";
				LD_RUNPATH_SEARCH_PATHS = (
					"$(inherited)",
					"@executable_path/Frameworks",
				);
				MARKETING_VERSION = 1.0;
				PRODUCT_BUNDLE_IDENTIFIER = com.alihankuzucuk.GameBox;
				PRODUCT_NAME = "$(TARGET_NAME)";
				SWIFT_EMIT_LOC_STRINGS = YES;
				SWIFT_VERSION = 5.0;
				TARGETED_DEVICE_FAMILY = "1,2";
			};
			name = Release;
		};
		C37548952941A4F300C52AFF /* Debug */ = {
			isa = XCBuildConfiguration;
			baseConfigurationReference = 9D3FCE3634B65D1AE994C2F6 /* Pods-GameBoxTests.debug.xcconfig */;
			buildSettings = {
				ALWAYS_EMBED_SWIFT_STANDARD_LIBRARIES = YES;
				BUNDLE_LOADER = "$(TEST_HOST)";
				CODE_SIGN_STYLE = Automatic;
				CURRENT_PROJECT_VERSION = 1;
				DEVELOPMENT_TEAM = DP7QQJ422M;
				GENERATE_INFOPLIST_FILE = YES;
				IPHONEOS_DEPLOYMENT_TARGET = 16.1;
				MARKETING_VERSION = 1.0;
				PRODUCT_BUNDLE_IDENTIFIER = com.alihankuzucuk.GameBoxTests;
				PRODUCT_NAME = "$(TARGET_NAME)";
				SWIFT_EMIT_LOC_STRINGS = NO;
				SWIFT_VERSION = 5.0;
				TARGETED_DEVICE_FAMILY = "1,2";
				TEST_HOST = "$(BUILT_PRODUCTS_DIR)/GameBox.app/$(BUNDLE_EXECUTABLE_FOLDER_PATH)/GameBox";
			};
			name = Debug;
		};
		C37548962941A4F300C52AFF /* Release */ = {
			isa = XCBuildConfiguration;
			baseConfigurationReference = 9BBF262FAC192E6DEE4E3C29 /* Pods-GameBoxTests.release.xcconfig */;
			buildSettings = {
				ALWAYS_EMBED_SWIFT_STANDARD_LIBRARIES = YES;
				BUNDLE_LOADER = "$(TEST_HOST)";
				CODE_SIGN_STYLE = Automatic;
				CURRENT_PROJECT_VERSION = 1;
				DEVELOPMENT_TEAM = DP7QQJ422M;
				GENERATE_INFOPLIST_FILE = YES;
				IPHONEOS_DEPLOYMENT_TARGET = 16.1;
				MARKETING_VERSION = 1.0;
				PRODUCT_BUNDLE_IDENTIFIER = com.alihankuzucuk.GameBoxTests;
				PRODUCT_NAME = "$(TARGET_NAME)";
				SWIFT_EMIT_LOC_STRINGS = NO;
				SWIFT_VERSION = 5.0;
				TARGETED_DEVICE_FAMILY = "1,2";
				TEST_HOST = "$(BUILT_PRODUCTS_DIR)/GameBox.app/$(BUNDLE_EXECUTABLE_FOLDER_PATH)/GameBox";
			};
			name = Release;
		};
		C37548982941A4F300C52AFF /* Debug */ = {
			isa = XCBuildConfiguration;
			baseConfigurationReference = 0679A53A631A88097D1EA4F7 /* Pods-GameBox-GameBoxUITests.debug.xcconfig */;
			buildSettings = {
				ALWAYS_EMBED_SWIFT_STANDARD_LIBRARIES = YES;
				CODE_SIGN_STYLE = Automatic;
				CURRENT_PROJECT_VERSION = 1;
				DEVELOPMENT_TEAM = DP7QQJ422M;
				GENERATE_INFOPLIST_FILE = YES;
				MARKETING_VERSION = 1.0;
				PRODUCT_BUNDLE_IDENTIFIER = com.alihankuzucuk.GameBoxUITests;
				PRODUCT_NAME = "$(TARGET_NAME)";
				SWIFT_EMIT_LOC_STRINGS = NO;
				SWIFT_VERSION = 5.0;
				TARGETED_DEVICE_FAMILY = "1,2";
				TEST_TARGET_NAME = GameBox;
			};
			name = Debug;
		};
		C37548992941A4F300C52AFF /* Release */ = {
			isa = XCBuildConfiguration;
			baseConfigurationReference = A722D5E4D9FCD93BFE2D1F77 /* Pods-GameBox-GameBoxUITests.release.xcconfig */;
			buildSettings = {
				ALWAYS_EMBED_SWIFT_STANDARD_LIBRARIES = YES;
				CODE_SIGN_STYLE = Automatic;
				CURRENT_PROJECT_VERSION = 1;
				DEVELOPMENT_TEAM = DP7QQJ422M;
				GENERATE_INFOPLIST_FILE = YES;
				MARKETING_VERSION = 1.0;
				PRODUCT_BUNDLE_IDENTIFIER = com.alihankuzucuk.GameBoxUITests;
				PRODUCT_NAME = "$(TARGET_NAME)";
				SWIFT_EMIT_LOC_STRINGS = NO;
				SWIFT_VERSION = 5.0;
				TARGETED_DEVICE_FAMILY = "1,2";
				TEST_TARGET_NAME = GameBox;
			};
			name = Release;
		};
/* End XCBuildConfiguration section */

/* Begin XCConfigurationList section */
		C375485F2941A4F100C52AFF /* Build configuration list for PBXProject "GameBox" */ = {
			isa = XCConfigurationList;
			buildConfigurations = (
				C375488F2941A4F300C52AFF /* Debug */,
				C37548902941A4F300C52AFF /* Release */,
			);
			defaultConfigurationIsVisible = 0;
			defaultConfigurationName = Release;
		};
		C37548912941A4F300C52AFF /* Build configuration list for PBXNativeTarget "GameBox" */ = {
			isa = XCConfigurationList;
			buildConfigurations = (
				C37548922941A4F300C52AFF /* Debug */,
				C37548932941A4F300C52AFF /* Release */,
			);
			defaultConfigurationIsVisible = 0;
			defaultConfigurationName = Release;
		};
		C37548942941A4F300C52AFF /* Build configuration list for PBXNativeTarget "GameBoxTests" */ = {
			isa = XCConfigurationList;
			buildConfigurations = (
				C37548952941A4F300C52AFF /* Debug */,
				C37548962941A4F300C52AFF /* Release */,
			);
			defaultConfigurationIsVisible = 0;
			defaultConfigurationName = Release;
		};
		C37548972941A4F300C52AFF /* Build configuration list for PBXNativeTarget "GameBoxUITests" */ = {
			isa = XCConfigurationList;
			buildConfigurations = (
				C37548982941A4F300C52AFF /* Debug */,
				C37548992941A4F300C52AFF /* Release */,
			);
			defaultConfigurationIsVisible = 0;
			defaultConfigurationName = Release;
		};
/* End XCConfigurationList section */

/* Begin XCVersionGroup section */
		C37548702941A4F100C52AFF /* GameBox.xcdatamodeld */ = {
			isa = XCVersionGroup;
			children = (
				C37548712941A4F100C52AFF /* GameBox.xcdatamodel */,
			);
			currentVersion = C37548712941A4F100C52AFF /* GameBox.xcdatamodel */;
			path = GameBox.xcdatamodeld;
			sourceTree = "<group>";
			versionGroupType = wrapper.xcdatamodel;
		};
/* End XCVersionGroup section */
	};
	rootObject = C375485C2941A4F100C52AFF /* Project object */;
}
